Microsoft Visual Studio Solution File, Format Version 12.00
# Visual Studio 2012
Project("{FAE04EC0-301F-11D3-BF4B-00C04F79EFBC}") = "GGJ-loser-team", "GGJ-loser-team.csproj", "{15FACB7C-6FCE-4D19-B752-DCC77B236CED}"
EndProject
Global
	GlobalSection(SolutionConfigurationPlatforms) = preSolution
	Debug|Any CPU = Debug|Any CPU
	ExportDebug|Any CPU = ExportDebug|Any CPU
	ExportRelease|Any CPU = ExportRelease|Any CPU
	EndGlobalSection
	GlobalSection(ProjectConfigurationPlatforms) = postSolution
		{15FACB7C-6FCE-4D19-B752-DCC77B236CED}.Debug|Any CPU.ActiveCfg = Debug|Any CPU
		{15FACB7C-6FCE-4D19-B752-DCC77B236CED}.Debug|Any CPU.Build.0 = Debug|Any CPU
		{15FACB7C-6FCE-4D19-B752-DCC77B236CED}.ExportDebug|Any CPU.ActiveCfg = ExportDebug|Any CPU
		{15FACB7C-6FCE-4D19-B752-DCC77B236CED}.ExportDebug|Any CPU.Build.0 = ExportDebug|Any CPU
		{15FACB7C-6FCE-4D19-B752-DCC77B236CED}.ExportRelease|Any CPU.ActiveCfg = ExportRelease|Any CPU
		{15FACB7C-6FCE-4D19-B752-DCC77B236CED}.ExportRelease|Any CPU.Build.0 = ExportRelease|Any CPU
	EndGlobalSection
EndGlobal
